
Microsoft Visual Studio Solution File, Format Version 12.00
# Visual Studio 15
VisualStudioVersion = 15.0.27703.2026
MinimumVisualStudioVersion = 10.0.40219.1
Project("{8BC9CEB8-8B4A-11D0-8D11-00A0C91BC942}") = "Ass1", "Ass1\Ass1.vcxproj", "{797EC412-8D21-4BFA-8945-F4B340C7AD38}"
EndProject
Project("{8BC9CEB8-8B4A-11D0-8D11-00A0C91BC942}") = "Ass2", "Ass3\Ass3.vcxproj", "{A93142D1-85BA-4B63-8423-EF354D9EEEFE}"
EndProject
Project("{8BC9CEB8-8B4A-11D0-8D11-00A0C91BC942}") = "Ass1_1", "Ass1_1\Ass1_1.vcxproj", "{D9C6ABD3-F190-4CEE-8CF8-17E1B04369C5}"
EndProject
Global
	GlobalSection(SolutionConfigurationPlatforms) = preSolution
		Debug|x64 = Debug|x64
		Debug|x86 = Debug|x86
		Release|x64 = Release|x64
		Release|x86 = Release|x86
	EndGlobalSection
	GlobalSection(ProjectConfigurationPlatforms) = postSolution
		{797EC412-8D21-4BFA-8945-F4B340C7AD38}.Debug|x64.ActiveCfg = Debug|x64
		{797EC412-8D21-4BFA-8945-F4B340C7AD38}.Debug|x64.Build.0 = Debug|x64
		{797EC412-8D21-4BFA-8945-F4B340C7AD38}.Debug|x86.ActiveCfg = Debug|Win32
		{797EC412-8D21-4BFA-8945-F4B340C7AD38}.Debug|x86.Build.0 = Debug|Win32
		{797EC412-8D21-4BFA-8945-F4B340C7AD38}.Release|x64.ActiveCfg = Release|x64
		{797EC412-8D21-4BFA-8945-F4B340C7AD38}.Release|x64.Build.0 = Release|x64
		{797EC412-8D21-4BFA-8945-F4B340C7AD38}.Release|x86.ActiveCfg = Release|Win32
		{797EC412-8D21-4BFA-8945-F4B340C7AD38}.Release|x86.Build.0 = Release|Win32
		{A93142D1-85BA-4B63-8423-EF354D9EEEFE}.Debug|x64.ActiveCfg = Debug|x64
		{A93142D1-85BA-4B63-8423-EF354D9EEEFE}.Debug|x64.Build.0 = Debug|x64
		{A93142D1-85BA-4B63-8423-EF354D9EEEFE}.Debug|x86.ActiveCfg = Debug|Win32
		{A93142D1-85BA-4B63-8423-EF354D9EEEFE}.Debug|x86.Build.0 = Debug|Win32
		{A93142D1-85BA-4B63-8423-EF354D9EEEFE}.Release|x64.ActiveCfg = Release|x64
		{A93142D1-85BA-4B63-8423-EF354D9EEEFE}.Release|x64.Build.0 = Release|x64
		{A93142D1-85BA-4B63-8423-EF354D9EEEFE}.Release|x86.ActiveCfg = Release|Win32
		{A93142D1-85BA-4B63-8423-EF354D9EEEFE}.Release|x86.Build.0 = Release|Win32
		{D9C6ABD3-F190-4CEE-8CF8-17E1B04369C5}.Debug|x64.ActiveCfg = Debug|x64
		{D9C6ABD3-F190-4CEE-8CF8-17E1B04369C5}.Debug|x64.Build.0 = Debug|x64
		{D9C6ABD3-F190-4CEE-8CF8-17E1B04369C5}.Debug|x86.ActiveCfg = Debug|Win32
		{D9C6ABD3-F190-4CEE-8CF8-17E1B04369C5}.Debug|x86.Build.0 = Debug|Win32
		{D9C6ABD3-F190-4CEE-8CF8-17E1B04369C5}.Release|x64.ActiveCfg = Release|x64
		{D9C6ABD3-F190-4CEE-8CF8-17E1B04369C5}.Release|x64.Build.0 = Release|x64
		{D9C6ABD3-F190-4CEE-8CF8-17E1B04369C5}.Release|x86.ActiveCfg = Release|Win32
		{D9C6ABD3-F190-4CEE-8CF8-17E1B04369C5}.Release|x86.Build.0 = Release|Win32
	EndGlobalSection
	GlobalSection(SolutionProperties) = preSolution
		HideSolutionNode = FALSE
	EndGlobalSection
	GlobalSection(ExtensibilityGlobals) = postSolution
		SolutionGuid = {A9BEB68A-B2A2-4A51-B88A-9B291192E025}
	EndGlobalSection
EndGlobal
